
Microsoft Visual Studio Solution File, Format Version 12.00
# Visual Studio Version 16
VisualStudioVersion = 16.0.29503.13
MinimumVisualStudioVersion = 15.0.26124.0
Project("{9A19103F-16F7-4668-BE54-9A1E7A4F7556}") = "EmpresaAPI", "src\EmpresaAPI\EmpresaAPI.csproj", "{650921D4-9C26-40C2-9A37-8108E3A384BB}"
EndProject
Project("{9A19103F-16F7-4668-BE54-9A1E7A4F7556}") = "EmpresaAPI.Test", "test\EmpresaAPI.Test\EmpresaAPI.Test.csproj", "{D3A8340D-080A-4ECB-9A7E-3379CA126439}"
EndProject
Global
	GlobalSection(SolutionConfigurationPlatforms) = preSolution
		Debug|Any CPU = Debug|Any CPU
		Debug|x64 = Debug|x64
		Debug|x86 = Debug|x86
		Release|Any CPU = Release|Any CPU
		Release|x64 = Release|x64
		Release|x86 = Release|x86
	EndGlobalSection
	GlobalSection(ProjectConfigurationPlatforms) = postSolution
		{650921D4-9C26-40C2-9A37-8108E3A384BB}.Debug|Any CPU.ActiveCfg = Debug|Any CPU
		{650921D4-9C26-40C2-9A37-8108E3A384BB}.Debug|Any CPU.Build.0 = Debug|Any CPU
		{650921D4-9C26-40C2-9A37-8108E3A384BB}.Debug|x64.ActiveCfg = Debug|Any CPU
		{650921D4-9C26-40C2-9A37-8108E3A384BB}.Debug|x64.Build.0 = Debug|Any CPU
		{650921D4-9C26-40C2-9A37-8108E3A384BB}.Debug|x86.ActiveCfg = Debug|Any CPU
		{650921D4-9C26-40C2-9A37-8108E3A384BB}.Debug|x86.Build.0 = Debug|Any CPU
		{650921D4-9C26-40C2-9A37-8108E3A384BB}.Release|Any CPU.ActiveCfg = Release|Any CPU
		{650921D4-9C26-40C2-9A37-8108E3A384BB}.Release|Any CPU.Build.0 = Release|Any CPU
		{650921D4-9C26-40C2-9A37-8108E3A384BB}.Release|x64.ActiveCfg = Release|Any CPU
		{650921D4-9C26-40C2-9A37-8108E3A384BB}.Release|x64.Build.0 = Release|Any CPU
		{650921D4-9C26-40C2-9A37-8108E3A384BB}.Release|x86.ActiveCfg = Release|Any CPU
		{650921D4-9C26-40C2-9A37-8108E3A384BB}.Release|x86.Build.0 = Release|Any CPU
		{D3A8340D-080A-4ECB-9A7E-3379CA126439}.Debug|Any CPU.ActiveCfg = Debug|Any CPU
		{D3A8340D-080A-4ECB-9A7E-3379CA126439}.Debug|Any CPU.Build.0 = Debug|Any CPU
		{D3A8340D-080A-4ECB-9A7E-3379CA126439}.Debug|x64.ActiveCfg = Debug|Any CPU
		{D3A8340D-080A-4ECB-9A7E-3379CA126439}.Debug|x64.Build.0 = Debug|Any CPU
		{D3A8340D-080A-4ECB-9A7E-3379CA126439}.Debug|x86.ActiveCfg = Debug|Any CPU
		{D3A8340D-080A-4ECB-9A7E-3379CA126439}.Debug|x86.Build.0 = Debug|Any CPU
		{D3A8340D-080A-4ECB-9A7E-3379CA126439}.Release|Any CPU.ActiveCfg = Release|Any CPU
		{D3A8340D-080A-4ECB-9A7E-3379CA126439}.Release|Any CPU.Build.0 = Release|Any CPU
		{D3A8340D-080A-4ECB-9A7E-3379CA126439}.Release|x64.ActiveCfg = Release|Any CPU
		{D3A8340D-080A-4ECB-9A7E-3379CA126439}.Release|x64.Build.0 = Release|Any CPU
		{D3A8340D-080A-4ECB-9A7E-3379CA126439}.Release|x86.ActiveCfg = Release|Any CPU
		{D3A8340D-080A-4ECB-9A7E-3379CA126439}.Release|x86.Build.0 = Release|Any CPU
	EndGlobalSection
	GlobalSection(SolutionProperties) = preSolution
		HideSolutionNode = FALSE
	EndGlobalSection
	GlobalSection(ExtensibilityGlobals) = postSolution
		SolutionGuid = {27D35541-FE8D-49E4-88B0-BA739429F760}
	EndGlobalSection
EndGlobal
